
Microsoft Visual Studio Solution File, Format Version 12.00
# Visual Studio Version 16
VisualStudioVersion = 16.0.29411.108
MinimumVisualStudioVersion = 10.0.40219.1
Project("{FAE04EC0-301F-11D3-BF4B-00C04F79EFBC}") = "MyFirstConsoleApp", "MyFirstConsoleApp\MyFirstConsoleApp.csproj", "{97C9607A-7EAF-4C3B-AAE1-5EBBF83AFF7B}"
EndProject
Global
	GlobalSection(SolutionConfigurationPlatforms) = preSolution
		Debug|Any CPU = Debug|Any CPU
		Release|Any CPU = Release|Any CPU
	EndGlobalSection
	GlobalSection(ProjectConfigurationPlatforms) = postSolution
		{97C9607A-7EAF-4C3B-AAE1-5EBBF83AFF7B}.Debug|Any CPU.ActiveCfg = Debug|Any CPU
		{97C9607A-7EAF-4C3B-AAE1-5EBBF83AFF7B}.Debug|Any CPU.Build.0 = Debug|Any CPU
		{97C9607A-7EAF-4C3B-AAE1-5EBBF83AFF7B}.Release|Any CPU.ActiveCfg = Release|Any CPU
		{97C9607A-7EAF-4C3B-AAE1-5EBBF83AFF7B}.Release|Any CPU.Build.0 = Release|Any CPU
	EndGlobalSection
	GlobalSection(SolutionProperties) = preSolution
		HideSolutionNode = FALSE
	EndGlobalSection
	GlobalSection(ExtensibilityGlobals) = postSolution
		SolutionGuid = {295FD1EF-7394-4618-9C4F-0565785C34B2}
	EndGlobalSection
EndGlobal
